
Microsoft Visual Studio Solution File, Format Version 12.00
# Visual Studio Version 17
VisualStudioVersion = 17.14.36310.24
MinimumVisualStudioVersion = 10.0.40219.1
Project("{9A19103F-16F7-4668-BE54-9A1E7A4F7556}") = "PetShoes", "PetShoes.csproj", "{293F9CE7-963F-4D6E-9D70-FE80FFCCB6D4}"
EndProject
Global
	GlobalSection(SolutionConfigurationPlatforms) = preSolution
		Debug|Any CPU = Debug|Any CPU
		Release|Any CPU = Release|Any CPU
	EndGlobalSection
	GlobalSection(ProjectConfigurationPlatforms) = postSolution
		{293F9CE7-963F-4D6E-9D70-FE80FFCCB6D4}.Debug|Any CPU.ActiveCfg = Debug|Any CPU
		{293F9CE7-963F-4D6E-9D70-FE80FFCCB6D4}.Debug|Any CPU.Build.0 = Debug|Any CPU
		{293F9CE7-963F-4D6E-9D70-FE80FFCCB6D4}.Release|Any CPU.ActiveCfg = Release|Any CPU
		{293F9CE7-963F-4D6E-9D70-FE80FFCCB6D4}.Release|Any CPU.Build.0 = Release|Any CPU
	EndGlobalSection
	GlobalSection(SolutionProperties) = preSolution
		HideSolutionNode = FALSE
	EndGlobalSection
	GlobalSection(ExtensibilityGlobals) = postSolution
		SolutionGuid = {994FF057-6154-4599-BFE6-2CDE4B0120AE}
	EndGlobalSection
EndGlobal
